<Solution>
  <Project Path="com.IvanMurzak.Unity.MCP.ProBuilder.Tests.csproj" />
  <Project Path="com.IvanMurzak.Unity.MCP.Editor.csproj" />
  <Project Path="com.IvanMurzak.Unity.MCP.Runtime.csproj" />
  <Project Path="Assembly-CSharp.csproj" />
  <Project Path="com.IvanMurzak.Unity.MCP.Editor.Tests.csproj" />
  <Project Path="com.IvanMurzak.Unity.MCP.ProBuilder.Editor.csproj" />
  <Project Path="Assembly-CSharp-Editor.csproj" />
  <Project Path="com.IvanMurzak.Unity.MCP.TestFiles.csproj" />
  <Project Path="com.IvanMurzak.Unity.MCP.DependencyResolver.csproj" />
  <Project Path="com.IvanMurzak.Unity.MCP.Tests.csproj" />
  <Project Path="com.IvanMurzak.Unity.MCP.ProBuilder.Editor.Tests.csproj" />
</Solution>
